
Microsoft Visual Studio Solution File, Format Version 12.00
# Visual Studio Version 17
VisualStudioVersion = 17.13.35931.197 d17.13
MinimumVisualStudioVersion = 10.0.40219.1
Project("{FAE04EC0-301F-11D3-BF4B-00C04F79EFBC}") = "F1nanceC0ntrol", "F1nanceC0ntrol.csproj", "{6907836B-233C-411F-8571-5316EBA1CFB9}"
EndProject
Global
	GlobalSection(SolutionConfigurationPlatforms) = preSolution
		Debug|Any CPU = Debug|Any CPU
		Release|Any CPU = Release|Any CPU
	EndGlobalSection
	GlobalSection(ProjectConfigurationPlatforms) = postSolution
		{6907836B-233C-411F-8571-5316EBA1CFB9}.Debug|Any CPU.ActiveCfg = Debug|Any CPU
		{6907836B-233C-411F-8571-5316EBA1CFB9}.Debug|Any CPU.Build.0 = Debug|Any CPU
		{6907836B-233C-411F-8571-5316EBA1CFB9}.Release|Any CPU.ActiveCfg = Release|Any CPU
		{6907836B-233C-411F-8571-5316EBA1CFB9}.Release|Any CPU.Build.0 = Release|Any CPU
	EndGlobalSection
	GlobalSection(SolutionProperties) = preSolution
		HideSolutionNode = FALSE
	EndGlobalSection
	GlobalSection(ExtensibilityGlobals) = postSolution
		SolutionGuid = {6EA8C4BE-B8BD-4A3B-BB34-5BB4FED45CEC}
	EndGlobalSection
EndGlobal
